// !$*UTF8*$!
{
	archiveVersion = 1;
	classes = {
	};
	objectVersion = 56;
	objects = {

/* Begin PBXBuildFile section */
		1D1132472B8FAA3B00CF6752 /* Plant.swift in Sources */ = {isa = PBXBuildFile; fileRef = 1D1132462B8FAA3B00CF6752 /* Plant.swift */; };
		1D1132492B8FAAF400CF6752 /* PlantView.swift in Sources */ = {isa = PBXBuildFile; fileRef = 1D1132482B8FAAF400CF6752 /* PlantView.swift */; };
		1D1D51C02BA3CCA400DEF6B9 /* PlantShopView.swift in Sources */ = {isa = PBXBuildFile; fileRef = 1D1D51BF2BA3CCA400DEF6B9 /* PlantShopView.swift */; };
		1D1D51C22BA44B2800DEF6B9 /* Localizable.xcstrings in Resources */ = {isa = PBXBuildFile; fileRef = 1D1D51C12BA44B2800DEF6B9 /* Localizable.xcstrings */; };
		1D1D51C42BA45BE600DEF6B9 /* ImagePicker.swift in Sources */ = {isa = PBXBuildFile; fileRef = 1D1D51C32BA45BE600DEF6B9 /* ImagePicker.swift */; };
		1D1D51C62BA45CB200DEF6B9 /* AccountViewModel.swift in Sources */ = {isa = PBXBuildFile; fileRef = 1D1D51C52BA45CB200DEF6B9 /* AccountViewModel.swift */; };
		1D1D51C82BA45F2B00DEF6B9 /* SettingsViewModel.swift in Sources */ = {isa = PBXBuildFile; fileRef = 1D1D51C72BA45F2B00DEF6B9 /* SettingsViewModel.swift */; };
		1D1D51CA2BA45F4A00DEF6B9 /* AppTheme.swift in Sources */ = {isa = PBXBuildFile; fileRef = 1D1D51C92BA45F4A00DEF6B9 /* AppTheme.swift */; };
		1D1D51CC2BA45F7B00DEF6B9 /* AppLanguage.swift in Sources */ = {isa = PBXBuildFile; fileRef = 1D1D51CB2BA45F7B00DEF6B9 /* AppLanguage.swift */; };
		1D1D51CE2BA4611900DEF6B9 /* ShopViewModel.swift in Sources */ = {isa = PBXBuildFile; fileRef = 1D1D51CD2BA4611900DEF6B9 /* ShopViewModel.swift */; };
		1D1D51D02BA4616500DEF6B9 /* PlantsViewModel.swift in Sources */ = {isa = PBXBuildFile; fileRef = 1D1D51CF2BA4616500DEF6B9 /* PlantsViewModel.swift */; };
		1D1D51D22BA4619F00DEF6B9 /* OnboardingViewModel.swift in Sources */ = {isa = PBXBuildFile; fileRef = 1D1D51D12BA4619F00DEF6B9 /* OnboardingViewModel.swift */; };
		1D1D51D42BA462DC00DEF6B9 /* TrackerViewModel.swift in Sources */ = {isa = PBXBuildFile; fileRef = 1D1D51D32BA462DC00DEF6B9 /* TrackerViewModel.swift */; };
		1D1D51D72BA4636F00DEF6B9 /* CircleOverlayModifier.swift in Sources */ = {isa = PBXBuildFile; fileRef = 1D1D51D62BA4636F00DEF6B9 /* CircleOverlayModifier.swift */; };
		1D1D51D92BA4639F00DEF6B9 /* MaskedImageModifier.swift in Sources */ = {isa = PBXBuildFile; fileRef = 1D1D51D82BA4639F00DEF6B9 /* MaskedImageModifier.swift */; };
		1D24204F2B92029D00B4E08D /* DrinkWaterTabView.swift in Sources */ = {isa = PBXBuildFile; fileRef = 1D8317B12B867428009DF17F /* DrinkWaterTabView.swift */; };
		1D2420AB2B93E42800B4E08D /* RegistrationFirstStepView.swift in Sources */ = {isa = PBXBuildFile; fileRef = 1D2420AA2B93E42800B4E08D /* RegistrationFirstStepView.swift */; };
		1D2420AD2B93F6CA00B4E08D /* RegistrationSecondStepView.swift in Sources */ = {isa = PBXBuildFile; fileRef = 1D2420AC2B93F6CA00B4E08D /* RegistrationSecondStepView.swift */; };
		1D56E7312B83799000311C6F /* Drink_WaterApp.swift in Sources */ = {isa = PBXBuildFile; fileRef = 1D56E7302B83799000311C6F /* Drink_WaterApp.swift */; };
		1D56E7332B83799000311C6F /* ContentView.swift in Sources */ = {isa = PBXBuildFile; fileRef = 1D56E7322B83799000311C6F /* ContentView.swift */; };
		1D56E7352B83799200311C6F /* Assets.xcassets in Resources */ = {isa = PBXBuildFile; fileRef = 1D56E7342B83799200311C6F /* Assets.xcassets */; };
		1D56E7382B83799200311C6F /* Preview Assets.xcassets in Resources */ = {isa = PBXBuildFile; fileRef = 1D56E7372B83799200311C6F /* Preview Assets.xcassets */; };
		1D7BE89D2BB3C755004D383A /* FileManagerService.swift in Sources */ = {isa = PBXBuildFile; fileRef = 1D7BE89C2BB3C755004D383A /* FileManagerService.swift */; };
		1D7BE89F2BB4E49C004D383A /* NotificationManager.swift in Sources */ = {isa = PBXBuildFile; fileRef = 1D7BE89E2BB4E49C004D383A /* NotificationManager.swift */; };
		1D7BE8A12BB4E670004D383A /* NotificationModel.swift in Sources */ = {isa = PBXBuildFile; fileRef = 1D7BE8A02BB4E670004D383A /* NotificationModel.swift */; };
		1D7BE8A32BB4E6E9004D383A /* AddNotificationView.swift in Sources */ = {isa = PBXBuildFile; fileRef = 1D7BE8A22BB4E6E9004D383A /* AddNotificationView.swift */; };
		1D7BE8A52BB661AA004D383A /* HealthKitManager.swift in Sources */ = {isa = PBXBuildFile; fileRef = 1D7BE8A42BB661AA004D383A /* HealthKitManager.swift */; };
		1D7BE8C42BBBD183004D383A /* LocalizationManager.swift in Sources */ = {isa = PBXBuildFile; fileRef = 1D7BE8C32BBBD183004D383A /* LocalizationManager.swift */; };
		1D7BE8C82BBBDB45004D383A /* NotificationCell.swift in Sources */ = {isa = PBXBuildFile; fileRef = 1D7BE8C72BBBDB45004D383A /* NotificationCell.swift */; };
		1D8317B92B867497009DF17F /* PlantsView.swift in Sources */ = {isa = PBXBuildFile; fileRef = 1D8317B82B867497009DF17F /* PlantsView.swift */; };
		1D8317BB2B86749E009DF17F /* ShopView.swift in Sources */ = {isa = PBXBuildFile; fileRef = 1D8317BA2B86749E009DF17F /* ShopView.swift */; };
		1D8317BD2B8674A6009DF17F /* SettingsView.swift in Sources */ = {isa = PBXBuildFile; fileRef = 1D8317BC2B8674A6009DF17F /* SettingsView.swift */; };
		1D8317BF2B8674AF009DF17F /* AccountView.swift in Sources */ = {isa = PBXBuildFile; fileRef = 1D8317BE2B8674AF009DF17F /* AccountView.swift */; };
		1D8317C12B8674B9009DF17F /* TrackerView.swift in Sources */ = {isa = PBXBuildFile; fileRef = 1D8317C02B8674B9009DF17F /* TrackerView.swift */; };
		1D8317C52B869731009DF17F /* AddDrinkButtonView.swift in Sources */ = {isa = PBXBuildFile; fileRef = 1D8317C42B869731009DF17F /* AddDrinkButtonView.swift */; };
		1D91C3B72BA2864300FB627C /* DailyWaterIntakeHandler.swift in Sources */ = {isa = PBXBuildFile; fileRef = 1D91C3B62BA2864300FB627C /* DailyWaterIntakeHandler.swift */; };
		1DA40DE02BA071F500921ADF /* AboutView.swift in Sources */ = {isa = PBXBuildFile; fileRef = 1DA40DDF2BA071F500921ADF /* AboutView.swift */; };
		1DA40DE22BA0A53300921ADF /* CoreDataManager.swift in Sources */ = {isa = PBXBuildFile; fileRef = 1DA40DE12BA0A53300921ADF /* CoreDataManager.swift */; };
		1DA40DE52BA0A80800921ADF /* OnboardingView.swift in Sources */ = {isa = PBXBuildFile; fileRef = 1DA40DE42BA0A80800921ADF /* OnboardingView.swift */; };
		1DA40DE72BA0A82600921ADF /* OnboardingStep.swift in Sources */ = {isa = PBXBuildFile; fileRef = 1DA40DE62BA0A82600921ADF /* OnboardingStep.swift */; };
		1DA40DED2BA0CE2800921ADF /* Drink&Water.xcdatamodeld in Sources */ = {isa = PBXBuildFile; fileRef = 1DA40DEB2BA0CE2800921ADF /* Drink&Water.xcdatamodeld */; };
		1DA40DEF2BA14EF300921ADF /* DrinkAddView.swift in Sources */ = {isa = PBXBuildFile; fileRef = 1DA40DEE2BA14EF300921ADF /* DrinkAddView.swift */; };
		1DA40DF12BA1508900921ADF /* Drink.swift in Sources */ = {isa = PBXBuildFile; fileRef = 1DA40DF02BA1508900921ADF /* Drink.swift */; };
		1DA40DF42BA1F13B00921ADF /* CircularProgressView.swift in Sources */ = {isa = PBXBuildFile; fileRef = 1DA40DF32BA1F13B00921ADF /* CircularProgressView.swift */; };
		1DA40DF62BA1F1F600921ADF /* WaterWave.swift in Sources */ = {isa = PBXBuildFile; fileRef = 1DA40DF52BA1F1F600921ADF /* WaterWave.swift */; };
		1DA40DFA2BA21AF400921ADF /* Alert.swift in Sources */ = {isa = PBXBuildFile; fileRef = 1DA40DF92BA21AF400921ADF /* Alert.swift */; };
/* End PBXBuildFile section */

/* Begin PBXFileReference section */
		1D1132462B8FAA3B00CF6752 /* Plant.swift */ = {isa = PBXFileReference; lastKnownFileType = sourcecode.swift; path = Plant.swift; sourceTree = "<group>"; };
		1D1132482B8FAAF400CF6752 /* PlantView.swift */ = {isa = PBXFileReference; lastKnownFileType = sourcecode.swift; path = PlantView.swift; sourceTree = "<group>"; };
		1D1D51BF2BA3CCA400DEF6B9 /* PlantShopView.swift */ = {isa = PBXFileReference; lastKnownFileType = sourcecode.swift; path = PlantShopView.swift; sourceTree = "<group>"; };
		1D1D51C12BA44B2800DEF6B9 /* Localizable.xcstrings */ = {isa = PBXFileReference; lastKnownFileType = text.json.xcstrings; path = Localizable.xcstrings; sourceTree = "<group>"; };
		1D1D51C32BA45BE600DEF6B9 /* ImagePicker.swift */ = {isa = PBXFileReference; lastKnownFileType = sourcecode.swift; path = ImagePicker.swift; sourceTree = "<group>"; };
		1D1D51C52BA45CB200DEF6B9 /* AccountViewModel.swift */ = {isa = PBXFileReference; lastKnownFileType = sourcecode.swift; path = AccountViewModel.swift; sourceTree = "<group>"; };
		1D1D51C72BA45F2B00DEF6B9 /* SettingsViewModel.swift */ = {isa = PBXFileReference; lastKnownFileType = sourcecode.swift; path = SettingsViewModel.swift; sourceTree = "<group>"; };
		1D1D51C92BA45F4A00DEF6B9 /* AppTheme.swift */ = {isa = PBXFileReference; lastKnownFileType = sourcecode.swift; path = AppTheme.swift; sourceTree = "<group>"; };
		1D1D51CB2BA45F7B00DEF6B9 /* AppLanguage.swift */ = {isa = PBXFileReference; lastKnownFileType = sourcecode.swift; path = AppLanguage.swift; sourceTree = "<group>"; };
		1D1D51CD2BA4611900DEF6B9 /* ShopViewModel.swift */ = {isa = PBXFileReference; lastKnownFileType = sourcecode.swift; path = ShopViewModel.swift; sourceTree = "<group>"; };
		1D1D51CF2BA4616500DEF6B9 /* PlantsViewModel.swift */ = {isa = PBXFileReference; lastKnownFileType = sourcecode.swift; path = PlantsViewModel.swift; sourceTree = "<group>"; };
		1D1D51D12BA4619F00DEF6B9 /* OnboardingViewModel.swift */ = {isa = PBXFileReference; lastKnownFileType = sourcecode.swift; path = OnboardingViewModel.swift; sourceTree = "<group>"; };
		1D1D51D32BA462DC00DEF6B9 /* TrackerViewModel.swift */ = {isa = PBXFileReference; lastKnownFileType = sourcecode.swift; path = TrackerViewModel.swift; sourceTree = "<group>"; };
		1D1D51D62BA4636F00DEF6B9 /* CircleOverlayModifier.swift */ = {isa = PBXFileReference; lastKnownFileType = sourcecode.swift; path = CircleOverlayModifier.swift; sourceTree = "<group>"; };
		1D1D51D82BA4639F00DEF6B9 /* MaskedImageModifier.swift */ = {isa = PBXFileReference; lastKnownFileType = sourcecode.swift; path = MaskedImageModifier.swift; sourceTree = "<group>"; };
		1D2420132B91C0EA00B4E08D /* Drink-Water-Info.plist */ = {isa = PBXFileReference; lastKnownFileType = text.plist; path = "Drink-Water-Info.plist"; sourceTree = SOURCE_ROOT; };
		1D2420AA2B93E42800B4E08D /* RegistrationFirstStepView.swift */ = {isa = PBXFileReference; lastKnownFileType = sourcecode.swift; path = RegistrationFirstStepView.swift; sourceTree = "<group>"; };
		1D2420AC2B93F6CA00B4E08D /* RegistrationSecondStepView.swift */ = {isa = PBXFileReference; lastKnownFileType = sourcecode.swift; path = RegistrationSecondStepView.swift; sourceTree = "<group>"; };
		1D56E72D2B83799000311C6F /* Drink&Water.app */ = {isa = PBXFileReference; explicitFileType = wrapper.application; includeInIndex = 0; path = "Drink&Water.app"; sourceTree = BUILT_PRODUCTS_DIR; };
		1D56E7302B83799000311C6F /* Drink_WaterApp.swift */ = {isa = PBXFileReference; lastKnownFileType = sourcecode.swift; path = Drink_WaterApp.swift; sourceTree = "<group>"; };
		1D56E7322B83799000311C6F /* ContentView.swift */ = {isa = PBXFileReference; lastKnownFileType = sourcecode.swift; path = ContentView.swift; sourceTree = "<group>"; };
		1D56E7342B83799200311C6F /* Assets.xcassets */ = {isa = PBXFileReference; lastKnownFileType = folder.assetcatalog; path = Assets.xcassets; sourceTree = "<group>"; };
		1D56E7372B83799200311C6F /* Preview Assets.xcassets */ = {isa = PBXFileReference; lastKnownFileType = folder.assetcatalog; path = "Preview Assets.xcassets"; sourceTree = "<group>"; };
		1D7BE89C2BB3C755004D383A /* FileManagerService.swift */ = {isa = PBXFileReference; lastKnownFileType = sourcecode.swift; path = FileManagerService.swift; sourceTree = "<group>"; };
		1D7BE89E2BB4E49C004D383A /* NotificationManager.swift */ = {isa = PBXFileReference; lastKnownFileType = sourcecode.swift; path = NotificationManager.swift; sourceTree = "<group>"; };
		1D7BE8A02BB4E670004D383A /* NotificationModel.swift */ = {isa = PBXFileReference; lastKnownFileType = sourcecode.swift; path = NotificationModel.swift; sourceTree = "<group>"; };
		1D7BE8A22BB4E6E9004D383A /* AddNotificationView.swift */ = {isa = PBXFileReference; lastKnownFileType = sourcecode.swift; path = AddNotificationView.swift; sourceTree = "<group>"; };
		1D7BE8A42BB661AA004D383A /* HealthKitManager.swift */ = {isa = PBXFileReference; lastKnownFileType = sourcecode.swift; path = HealthKitManager.swift; sourceTree = "<group>"; };
		1D7BE8A62BB6624D004D383A /* Drink&Water.entitlements */ = {isa = PBXFileReference; lastKnownFileType = text.plist.entitlements; path = "Drink&Water.entitlements"; sourceTree = "<group>"; };
		1D7BE8C32BBBD183004D383A /* LocalizationManager.swift */ = {isa = PBXFileReference; lastKnownFileType = sourcecode.swift; path = LocalizationManager.swift; sourceTree = "<group>"; };
		1D7BE8C72BBBDB45004D383A /* NotificationCell.swift */ = {isa = PBXFileReference; lastKnownFileType = sourcecode.swift; path = NotificationCell.swift; sourceTree = "<group>"; };
		1D8317B12B867428009DF17F /* DrinkWaterTabView.swift */ = {isa = PBXFileReference; lastKnownFileType = sourcecode.swift; path = DrinkWaterTabView.swift; sourceTree = "<group>"; };
		1D8317B82B867497009DF17F /* PlantsView.swift */ = {isa = PBXFileReference; lastKnownFileType = sourcecode.swift; path = PlantsView.swift; sourceTree = "<group>"; };
		1D8317BA2B86749E009DF17F /* ShopView.swift */ = {isa = PBXFileReference; lastKnownFileType = sourcecode.swift; path = ShopView.swift; sourceTree = "<group>"; };
		1D8317BC2B8674A6009DF17F /* SettingsView.swift */ = {isa = PBXFileReference; lastKnownFileType = sourcecode.swift; path = SettingsView.swift; sourceTree = "<group>"; };
		1D8317BE2B8674AF009DF17F /* AccountView.swift */ = {isa = PBXFileReference; lastKnownFileType = sourcecode.swift; path = AccountView.swift; sourceTree = "<group>"; };
		1D8317C02B8674B9009DF17F /* TrackerView.swift */ = {isa = PBXFileReference; lastKnownFileType = sourcecode.swift; path = TrackerView.swift; sourceTree = "<group>"; };
		1D8317C42B869731009DF17F /* AddDrinkButtonView.swift */ = {isa = PBXFileReference; lastKnownFileType = sourcecode.swift; path = AddDrinkButtonView.swift; sourceTree = "<group>"; };
		1D91C3B62BA2864300FB627C /* DailyWaterIntakeHandler.swift */ = {isa = PBXFileReference; lastKnownFileType = sourcecode.swift; path = DailyWaterIntakeHandler.swift; sourceTree = "<group>"; };
		1DA40DDF2BA071F500921ADF /* AboutView.swift */ = {isa = PBXFileReference; lastKnownFileType = sourcecode.swift; path = AboutView.swift; sourceTree = "<group>"; };
		1DA40DE12BA0A53300921ADF /* CoreDataManager.swift */ = {isa = PBXFileReference; lastKnownFileType = sourcecode.swift; path = CoreDataManager.swift; sourceTree = "<group>"; };
		1DA40DE42BA0A80800921ADF /* OnboardingView.swift */ = {isa = PBXFileReference; lastKnownFileType = sourcecode.swift; path = OnboardingView.swift; sourceTree = "<group>"; };
		1DA40DE62BA0A82600921ADF /* OnboardingStep.swift */ = {isa = PBXFileReference; lastKnownFileType = sourcecode.swift; path = OnboardingStep.swift; sourceTree = "<group>"; };
		1DA40DEC2BA0CE2800921ADF /* Drink&Water.xcdatamodel */ = {isa = PBXFileReference; lastKnownFileType = wrapper.xcdatamodel; path = "Drink&Water.xcdatamodel"; sourceTree = "<group>"; };
		1DA40DEE2BA14EF300921ADF /* DrinkAddView.swift */ = {isa = PBXFileReference; lastKnownFileType = sourcecode.swift; path = DrinkAddView.swift; sourceTree = "<group>"; };
		1DA40DF02BA1508900921ADF /* Drink.swift */ = {isa = PBXFileReference; lastKnownFileType = sourcecode.swift; path = Drink.swift; sourceTree = "<group>"; };
		1DA40DF32BA1F13B00921ADF /* CircularProgressView.swift */ = {isa = PBXFileReference; lastKnownFileType = sourcecode.swift; path = CircularProgressView.swift; sourceTree = "<group>"; };
		1DA40DF52BA1F1F600921ADF /* WaterWave.swift */ = {isa = PBXFileReference; lastKnownFileType = sourcecode.swift; path = WaterWave.swift; sourceTree = "<group>"; };
		1DA40DF92BA21AF400921ADF /* Alert.swift */ = {isa = PBXFileReference; lastKnownFileType = sourcecode.swift; path = Alert.swift; sourceTree = "<group>"; };
/* End PBXFileReference section */

/* Begin PBXFrameworksBuildPhase section */
		1D56E72A2B83799000311C6F /* Frameworks */ = {
			isa = PBXFrameworksBuildPhase;
			buildActionMask = 2147483647;
			files = (
			);
			runOnlyForDeploymentPostprocessing = 0;
		};
/* End PBXFrameworksBuildPhase section */

/* Begin PBXGroup section */
		1D1132452B8FAA2100CF6752 /* Models */ = {
			isa = PBXGroup;
			children = (
				1D1132462B8FAA3B00CF6752 /* Plant.swift */,
				1DA40DE62BA0A82600921ADF /* OnboardingStep.swift */,
				1DA40DF02BA1508900921ADF /* Drink.swift */,
				1D7BE8A02BB4E670004D383A /* NotificationModel.swift */,
			);
			path = Models;
			sourceTree = "<group>";
		};
		1D1D51D52BA4635900DEF6B9 /* Modifiers */ = {
			isa = PBXGroup;
			children = (
				1D1D51D62BA4636F00DEF6B9 /* CircleOverlayModifier.swift */,
				1D1D51D82BA4639F00DEF6B9 /* MaskedImageModifier.swift */,
			);
			path = Modifiers;
			sourceTree = "<group>";
		};
		1D2420A92B93E40700B4E08D /* RegistrationVIew */ = {
			isa = PBXGroup;
			children = (
				1D2420AA2B93E42800B4E08D /* RegistrationFirstStepView.swift */,
				1D2420AC2B93F6CA00B4E08D /* RegistrationSecondStepView.swift */,
			);
			path = RegistrationVIew;
			sourceTree = "<group>";
		};
		1D56E7242B83799000311C6F = {
			isa = PBXGroup;
			children = (
				1D1D51C12BA44B2800DEF6B9 /* Localizable.xcstrings */,
				1D56E72F2B83799000311C6F /* Drink&Water */,
				1D56E72E2B83799000311C6F /* Products */,
			);
			sourceTree = "<group>";
		};
		1D56E72E2B83799000311C6F /* Products */ = {
			isa = PBXGroup;
			children = (
				1D56E72D2B83799000311C6F /* Drink&Water.app */,
			);
			name = Products;
			sourceTree = "<group>";
		};
		1D56E72F2B83799000311C6F /* Drink&Water */ = {
			isa = PBXGroup;
			children = (
				1D7BE8A62BB6624D004D383A /* Drink&Water.entitlements */,
				1DA40DF72BA21AC500921ADF /* Utilities */,
				1D2420132B91C0EA00B4E08D /* Drink-Water-Info.plist */,
				1D1132452B8FAA2100CF6752 /* Models */,
				1D8317C22B86970C009DF17F /* Views */,
				1D8317B02B8673FC009DF17F /* Screens */,
				1D56E7302B83799000311C6F /* Drink_WaterApp.swift */,
				1D56E7322B83799000311C6F /* ContentView.swift */,
				1D56E7342B83799200311C6F /* Assets.xcassets */,
				1D56E7362B83799200311C6F /* Preview Content */,
				1DA40DE12BA0A53300921ADF /* CoreDataManager.swift */,
				1DA40DEB2BA0CE2800921ADF /* Drink&Water.xcdatamodeld */,
			);
			path = "Drink&Water";
			sourceTree = "<group>";
		};
		1D56E7362B83799200311C6F /* Preview Content */ = {
			isa = PBXGroup;
			children = (
				1D56E7372B83799200311C6F /* Preview Assets.xcassets */,
			);
			path = "Preview Content";
			sourceTree = "<group>";
		};
		1D8317B02B8673FC009DF17F /* Screens */ = {
			isa = PBXGroup;
			children = (
				1DA40DE32BA0A7F500921ADF /* Onboarding */,
				1D2420A92B93E40700B4E08D /* RegistrationVIew */,
				1D8317B72B86747C009DF17F /* PlantsView */,
				1D8317B62B867465009DF17F /* ShopVIew */,
				1D8317B52B86745D009DF17F /* SettingsVIew */,
				1D8317B42B867456009DF17F /* AccountView */,
				1D8317B32B86744B009DF17F /* TrackerView */,
				1D8317B12B867428009DF17F /* DrinkWaterTabView.swift */,
				1DA40DDF2BA071F500921ADF /* AboutView.swift */,
			);
			path = Screens;
			sourceTree = "<group>";
		};
		1D8317B32B86744B009DF17F /* TrackerView */ = {
			isa = PBXGroup;
			children = (
				1D1D51D52BA4635900DEF6B9 /* Modifiers */,
				1DA40DF22BA1F10500921ADF /* Subviews */,
				1D8317C02B8674B9009DF17F /* TrackerView.swift */,
				1D1D51D32BA462DC00DEF6B9 /* TrackerViewModel.swift */,
			);
			path = TrackerView;
			sourceTree = "<group>";
		};
		1D8317B42B867456009DF17F /* AccountView */ = {
			isa = PBXGroup;
			children = (
				1D8317BE2B8674AF009DF17F /* AccountView.swift */,
				1D1D51C52BA45CB200DEF6B9 /* AccountViewModel.swift */,
			);
			path = AccountView;
			sourceTree = "<group>";
		};
		1D8317B52B86745D009DF17F /* SettingsVIew */ = {
			isa = PBXGroup;
			children = (
				1D8317BC2B8674A6009DF17F /* SettingsView.swift */,
				1D1D51C72BA45F2B00DEF6B9 /* SettingsViewModel.swift */,
				1D1D51C92BA45F4A00DEF6B9 /* AppTheme.swift */,
				1D1D51CB2BA45F7B00DEF6B9 /* AppLanguage.swift */,
			);
			path = SettingsVIew;
			sourceTree = "<group>";
		};
		1D8317B62B867465009DF17F /* ShopVIew */ = {
			isa = PBXGroup;
			children = (
				1D8317BA2B86749E009DF17F /* ShopView.swift */,
				1D1D51CD2BA4611900DEF6B9 /* ShopViewModel.swift */,
			);
			path = ShopVIew;
			sourceTree = "<group>";
		};
		1D8317B72B86747C009DF17F /* PlantsView */ = {
			isa = PBXGroup;
			children = (
				1D8317B82B867497009DF17F /* PlantsView.swift */,
				1D1D51CF2BA4616500DEF6B9 /* PlantsViewModel.swift */,
			);
			path = PlantsView;
			sourceTree = "<group>";
		};
		1D8317C22B86970C009DF17F /* Views */ = {
			isa = PBXGroup;
			children = (
				1D8317C32B869713009DF17F /* Buttons */,
				1D1132482B8FAAF400CF6752 /* PlantView.swift */,
				1DA40DEE2BA14EF300921ADF /* DrinkAddView.swift */,
				1D1D51BF2BA3CCA400DEF6B9 /* PlantShopView.swift */,
				1D7BE8A22BB4E6E9004D383A /* AddNotificationView.swift */,
				1D7BE8C72BBBDB45004D383A /* NotificationCell.swift */,
			);
			path = Views;
			sourceTree = "<group>";
		};
		1D8317C32B869713009DF17F /* Buttons */ = {
			isa = PBXGroup;
			children = (
				1D8317C42B869731009DF17F /* AddDrinkButtonView.swift */,
			);
			path = Buttons;
			sourceTree = "<group>";
		};
		1D91C3B52BA2862800FB627C /* Handlers */ = {
			isa = PBXGroup;
			children = (
				1D91C3B62BA2864300FB627C /* DailyWaterIntakeHandler.swift */,
				1D1D51C32BA45BE600DEF6B9 /* ImagePicker.swift */,
				1D7BE89C2BB3C755004D383A /* FileManagerService.swift */,
				1D7BE89E2BB4E49C004D383A /* NotificationManager.swift */,
				1D7BE8A42BB661AA004D383A /* HealthKitManager.swift */,
				1D7BE8C32BBBD183004D383A /* LocalizationManager.swift */,
			);
			path = Handlers;
			sourceTree = "<group>";
		};
		1DA40DE32BA0A7F500921ADF /* Onboarding */ = {
			isa = PBXGroup;
			children = (
				1DA40DE42BA0A80800921ADF /* OnboardingView.swift */,
				1D1D51D12BA4619F00DEF6B9 /* OnboardingViewModel.swift */,
			);
			path = Onboarding;
			sourceTree = "<group>";
		};
		1DA40DF22BA1F10500921ADF /* Subviews */ = {
			isa = PBXGroup;
			children = (
				1DA40DF32BA1F13B00921ADF /* CircularProgressView.swift */,
				1DA40DF52BA1F1F600921ADF /* WaterWave.swift */,
			);
			path = Subviews;
			sourceTree = "<group>";
		};
		1DA40DF72BA21AC500921ADF /* Utilities */ = {
			isa = PBXGroup;
			children = (
				1D91C3B52BA2862800FB627C /* Handlers */,
				1DA40DF82BA21AE000921ADF /* Alerts */,
			);
			path = Utilities;
			sourceTree = "<group>";
		};
		1DA40DF82BA21AE000921ADF /* Alerts */ = {
			isa = PBXGroup;
			children = (
				1DA40DF92BA21AF400921ADF /* Alert.swift */,
			);
			path = Alerts;
			sourceTree = "<group>";
		};
/* End PBXGroup section */

/* Begin PBXNativeTarget section */
		1D56E72C2B83799000311C6F /* Drink&Water */ = {
			isa = PBXNativeTarget;
			buildConfigurationList = 1D56E73B2B83799200311C6F /* Build configuration list for PBXNativeTarget "Drink&Water" */;
			buildPhases = (
				1D56E7292B83799000311C6F /* Sources */,
				1D56E72A2B83799000311C6F /* Frameworks */,
				1D56E72B2B83799000311C6F /* Resources */,
			);
			buildRules = (
			);
			dependencies = (
			);
			name = "Drink&Water";
			productName = "Drink&Water";
			productReference = 1D56E72D2B83799000311C6F /* Drink&Water.app */;
			productType = "com.apple.product-type.application";
		};
/* End PBXNativeTarget section */

/* Begin PBXProject section */
		1D56E7252B83799000311C6F /* Project object */ = {
			isa = PBXProject;
			attributes = {
				BuildIndependentTargetsInParallel = 1;
				LastSwiftUpdateCheck = 1500;
				LastUpgradeCheck = 1500;
				TargetAttributes = {
					1D56E72C2B83799000311C6F = {
						CreatedOnToolsVersion = 15.0;
					};
				};
			};
			buildConfigurationList = 1D56E7282B83799000311C6F /* Build configuration list for PBXProject "Drink&Water" */;
			compatibilityVersion = "Xcode 14.0";
			developmentRegion = en;
			hasScannedForEncodings = 0;
			knownRegions = (
				en,
				Base,
				ru,
			);
			mainGroup = 1D56E7242B83799000311C6F;
			productRefGroup = 1D56E72E2B83799000311C6F /* Products */;
			projectDirPath = "";
			projectRoot = "";
			targets = (
				1D56E72C2B83799000311C6F /* Drink&Water */,
			);
		};
/* End PBXProject section */

/* Begin PBXResourcesBuildPhase section */
		1D56E72B2B83799000311C6F /* Resources */ = {
			isa = PBXResourcesBuildPhase;
			buildActionMask = 2147483647;
			files = (
				1D56E7382B83799200311C6F /* Preview Assets.xcassets in Resources */,
				1D56E7352B83799200311C6F /* Assets.xcassets in Resources */,
				1D1D51C22BA44B2800DEF6B9 /* Localizable.xcstrings in Resources */,
			);
			runOnlyForDeploymentPostprocessing = 0;
		};
/* End PBXResourcesBuildPhase section */

/* Begin PBXSourcesBuildPhase section */
		1D56E7292B83799000311C6F /* Sources */ = {
			isa = PBXSourcesBuildPhase;
			buildActionMask = 2147483647;
			files = (
				1DA40DE72BA0A82600921ADF /* OnboardingStep.swift in Sources */,
				1DA40DE02BA071F500921ADF /* AboutView.swift in Sources */,
				1D7BE89D2BB3C755004D383A /* FileManagerService.swift in Sources */,
				1D2420AB2B93E42800B4E08D /* RegistrationFirstStepView.swift in Sources */,
				1D1D51CE2BA4611900DEF6B9 /* ShopViewModel.swift in Sources */,
				1DA40DFA2BA21AF400921ADF /* Alert.swift in Sources */,
				1D1D51CA2BA45F4A00DEF6B9 /* AppTheme.swift in Sources */,
				1D1D51C02BA3CCA400DEF6B9 /* PlantShopView.swift in Sources */,
				1D24204F2B92029D00B4E08D /* DrinkWaterTabView.swift in Sources */,
				1D7BE8A12BB4E670004D383A /* NotificationModel.swift in Sources */,
				1D1D51CC2BA45F7B00DEF6B9 /* AppLanguage.swift in Sources */,
				1D1D51D42BA462DC00DEF6B9 /* TrackerViewModel.swift in Sources */,
				1DA40DE52BA0A80800921ADF /* OnboardingView.swift in Sources */,
				1D8317B92B867497009DF17F /* PlantsView.swift in Sources */,
				1DA40DEF2BA14EF300921ADF /* DrinkAddView.swift in Sources */,
				1D7BE8A52BB661AA004D383A /* HealthKitManager.swift in Sources */,
				1D7BE8C42BBBD183004D383A /* LocalizationManager.swift in Sources */,
				1DA40DE22BA0A53300921ADF /* CoreDataManager.swift in Sources */,
				1D56E7332B83799000311C6F /* ContentView.swift in Sources */,
				1D7BE8C82BBBDB45004D383A /* NotificationCell.swift in Sources */,
				1D1D51D02BA4616500DEF6B9 /* PlantsViewModel.swift in Sources */,
				1D2420AD2B93F6CA00B4E08D /* RegistrationSecondStepView.swift in Sources */,
				1D91C3B72BA2864300FB627C /* DailyWaterIntakeHandler.swift in Sources */,
				1D1D51C42BA45BE600DEF6B9 /* ImagePicker.swift in Sources */,
				1DA40DF42BA1F13B00921ADF /* CircularProgressView.swift in Sources */,
				1D1D51D22BA4619F00DEF6B9 /* OnboardingViewModel.swift in Sources */,
				1D7BE8A32BB4E6E9004D383A /* AddNotificationView.swift in Sources */,
				1D8317C12B8674B9009DF17F /* TrackerView.swift in Sources */,
				1D8317BD2B8674A6009DF17F /* SettingsView.swift in Sources */,
				1D1D51D92BA4639F00DEF6B9 /* MaskedImageModifier.swift in Sources */,
				1D1132492B8FAAF400CF6752 /* PlantView.swift in Sources */,
				1DA40DF62BA1F1F600921ADF /* WaterWave.swift in Sources */,
				1DA40DED2BA0CE2800921ADF /* Drink&Water.xcdatamodeld in Sources */,
				1D8317C52B869731009DF17F /* AddDrinkButtonView.swift in Sources */,
				1D8317BF2B8674AF009DF17F /* AccountView.swift in Sources */,
				1D1D51C62BA45CB200DEF6B9 /* AccountViewModel.swift in Sources */,
				1D1D51D72BA4636F00DEF6B9 /* CircleOverlayModifier.swift in Sources */,
				1D8317BB2B86749E009DF17F /* ShopView.swift in Sources */,
				1D1132472B8FAA3B00CF6752 /* Plant.swift in Sources */,
				1D7BE89F2BB4E49C004D383A /* NotificationManager.swift in Sources */,
				1DA40DF12BA1508900921ADF /* Drink.swift in Sources */,
				1D56E7312B83799000311C6F /* Drink_WaterApp.swift in Sources */,
				1D1D51C82BA45F2B00DEF6B9 /* SettingsViewModel.swift in Sources */,
			);
			runOnlyForDeploymentPostprocessing = 0;
		};
/* End PBXSourcesBuildPhase section */

/* Begin XCBuildConfiguration section */
		1D56E7392B83799200311C6F /* Debug */ = {
			isa = XCBuildConfiguration;
			buildSettings = {
				ALWAYS_SEARCH_USER_PATHS = NO;
				ASSETCATALOG_COMPILER_GENERATE_SWIFT_ASSET_SYMBOL_EXTENSIONS = YES;
				CLANG_ANALYZER_NONNULL = YES;
				CLANG_ANALYZER_NUMBER_OBJECT_CONVERSION = YES_AGGRESSIVE;
				CLANG_CXX_LANGUAGE_STANDARD = "gnu++20";
				CLANG_ENABLE_MODULES = YES;
				CLANG_ENABLE_OBJC_ARC = YES;
				CLANG_ENABLE_OBJC_WEAK = YES;
				CLANG_WARN_BLOCK_CAPTURE_AUTORELEASING = YES;
				CLANG_WARN_BOOL_CONVERSION = YES;
				CLANG_WARN_COMMA = YES;
				CLANG_WARN_CONSTANT_CONVERSION = YES;
				CLANG_WARN_DEPRECATED_OBJC_IMPLEMENTATIONS = YES;
				CLANG_WARN_DIRECT_OBJC_ISA_USAGE = YES_ERROR;
				CLANG_WARN_DOCUMENTATION_COMMENTS = YES;
				CLANG_WARN_EMPTY_BODY = YES;
				CLANG_WARN_ENUM_CONVERSION = YES;
				CLANG_WARN_INFINITE_RECURSION = YES;
				CLANG_WARN_INT_CONVERSION = YES;
				CLANG_WARN_NON_LITERAL_NULL_CONVERSION = YES;
				CLANG_WARN_OBJC_IMPLICIT_RETAIN_SELF = YES;
				CLANG_WARN_OBJC_LITERAL_CONVERSION = YES;
				CLANG_WARN_OBJC_ROOT_CLASS = YES_ERROR;
				CLANG_WARN_QUOTED_INCLUDE_IN_FRAMEWORK_HEADER = YES;
				CLANG_WARN_RANGE_LOOP_ANALYSIS = YES;
				CLANG_WARN_STRICT_PROTOTYPES = YES;
				CLANG_WARN_SUSPICIOUS_MOVE = YES;
				CLANG_WARN_UNGUARDED_AVAILABILITY = YES_AGGRESSIVE;
				CLANG_WARN_UNREACHABLE_CODE = YES;
				CLANG_WARN__DUPLICATE_METHOD_MATCH = YES;
				COPY_PHASE_STRIP = NO;
				DEBUG_INFORMATION_FORMAT = dwarf;
				ENABLE_STRICT_OBJC_MSGSEND = YES;
				ENABLE_TESTABILITY = YES;
				ENABLE_USER_SCRIPT_SANDBOXING = YES;
				GCC_C_LANGUAGE_STANDARD = gnu17;
				GCC_DYNAMIC_NO_PIC = NO;
				GCC_NO_COMMON_BLOCKS = YES;
				GCC_OPTIMIZATION_LEVEL = 0;
				GCC_PREPROCESSOR_DEFINITIONS = (
					"DEBUG=1",
					"$(inherited)",
				);
				GCC_WARN_64_TO_32_BIT_CONVERSION = YES;
				GCC_WARN_ABOUT_RETURN_TYPE = YES_ERROR;
				GCC_WARN_UNDECLARED_SELECTOR = YES;
				GCC_WARN_UNINITIALIZED_AUTOS = YES_AGGRESSIVE;
				GCC_WARN_UNUSED_FUNCTION = YES;
				GCC_WARN_UNUSED_VARIABLE = YES;
				IPHONEOS_DEPLOYMENT_TARGET = 17.0;
				LOCALIZATION_PREFERS_STRING_CATALOGS = YES;
				MTL_ENABLE_DEBUG_INFO = INCLUDE_SOURCE;
				MTL_FAST_MATH = YES;
				ONLY_ACTIVE_ARCH = YES;
				SDKROOT = iphoneos;
				SWIFT_ACTIVE_COMPILATION_CONDITIONS = "DEBUG $(inherited)";
				SWIFT_OPTIMIZATION_LEVEL = "-Onone";
			};
			name = Debug;
		};
		1D56E73A2B83799200311C6F /* Release */ = {
			isa = XCBuildConfiguration;
			buildSettings = {
				ALWAYS_SEARCH_USER_PATHS = NO;
				ASSETCATALOG_COMPILER_GENERATE_SWIFT_ASSET_SYMBOL_EXTENSIONS = YES;
				CLANG_ANALYZER_NONNULL = YES;
				CLANG_ANALYZER_NUMBER_OBJECT_CONVERSION = YES_AGGRESSIVE;
				CLANG_CXX_LANGUAGE_STANDARD = "gnu++20";
				CLANG_ENABLE_MODULES = YES;
				CLANG_ENABLE_OBJC_ARC = YES;
				CLANG_ENABLE_OBJC_WEAK = YES;
				CLANG_WARN_BLOCK_CAPTURE_AUTORELEASING = YES;
				CLANG_WARN_BOOL_CONVERSION = YES;
				CLANG_WARN_COMMA = YES;
				CLANG_WARN_CONSTANT_CONVERSION = YES;
				CLANG_WARN_DEPRECATED_OBJC_IMPLEMENTATIONS = YES;
				CLANG_WARN_DIRECT_OBJC_ISA_USAGE = YES_ERROR;
				CLANG_WARN_DOCUMENTATION_COMMENTS = YES;
				CLANG_WARN_EMPTY_BODY = YES;
				CLANG_WARN_ENUM_CONVERSION = YES;
				CLANG_WARN_INFINITE_RECURSION = YES;
				CLANG_WARN_INT_CONVERSION = YES;
				CLANG_WARN_NON_LITERAL_NULL_CONVERSION = YES;
				CLANG_WARN_OBJC_IMPLICIT_RETAIN_SELF = YES;
				CLANG_WARN_OBJC_LITERAL_CONVERSION = YES;
				CLANG_WARN_OBJC_ROOT_CLASS = YES_ERROR;
				CLANG_WARN_QUOTED_INCLUDE_IN_FRAMEWORK_HEADER = YES;
				CLANG_WARN_RANGE_LOOP_ANALYSIS = YES;
				CLANG_WARN_STRICT_PROTOTYPES = YES;
				CLANG_WARN_SUSPICIOUS_MOVE = YES;
				CLANG_WARN_UNGUARDED_AVAILABILITY = YES_AGGRESSIVE;
				CLANG_WARN_UNREACHABLE_CODE = YES;
				CLANG_WARN__DUPLICATE_METHOD_MATCH = YES;
				COPY_PHASE_STRIP = NO;
				DEBUG_INFORMATION_FORMAT = "dwarf-with-dsym";
				ENABLE_NS_ASSERTIONS = NO;
				ENABLE_STRICT_OBJC_MSGSEND = YES;
				ENABLE_USER_SCRIPT_SANDBOXING = YES;
				GCC_C_LANGUAGE_STANDARD = gnu17;
				GCC_NO_COMMON_BLOCKS = YES;
				GCC_WARN_64_TO_32_BIT_CONVERSION = YES;
				GCC_WARN_ABOUT_RETURN_TYPE = YES_ERROR;
				GCC_WARN_UNDECLARED_SELECTOR = YES;
				GCC_WARN_UNINITIALIZED_AUTOS = YES_AGGRESSIVE;
				GCC_WARN_UNUSED_FUNCTION = YES;
				GCC_WARN_UNUSED_VARIABLE = YES;
				IPHONEOS_DEPLOYMENT_TARGET = 17.0;
				LOCALIZATION_PREFERS_STRING_CATALOGS = YES;
				MTL_ENABLE_DEBUG_INFO = NO;
				MTL_FAST_MATH = YES;
				SDKROOT = iphoneos;
				SWIFT_COMPILATION_MODE = wholemodule;
				VALIDATE_PRODUCT = YES;
			};
			name = Release;
		};
		1D56E73C2B83799200311C6F /* Debug */ = {
			isa = XCBuildConfiguration;
			buildSettings = {
				ASSETCATALOG_COMPILER_APPICON_NAME = AppIcon;
				ASSETCATALOG_COMPILER_GLOBAL_ACCENT_COLOR_NAME = AccentColor;
				CODE_SIGN_ENTITLEMENTS = "Drink&Water/Drink&Water.entitlements";
				CODE_SIGN_STYLE = Automatic;
				CURRENT_PROJECT_VERSION = 1;
				DEVELOPMENT_ASSET_PATHS = "\"Drink&Water/Preview Content\"";
				DEVELOPMENT_TEAM = 727T6M4PM2;
				ENABLE_PREVIEWS = YES;
				GENERATE_INFOPLIST_FILE = YES;
				INFOPLIST_FILE = "Drink-Water-Info.plist";
				INFOPLIST_KEY_NSHealthClinicalHealthRecordsShareUsageDescription = "Please give us access to add drinks in Apple Health app";
				INFOPLIST_KEY_NSLocationWhenInUseUsageDescription = "To show the office location";
				INFOPLIST_KEY_UIApplicationSceneManifest_Generation = YES;
				INFOPLIST_KEY_UIApplicationSupportsIndirectInputEvents = YES;
				INFOPLIST_KEY_UISupportedInterfaceOrientations_iPad = "UIInterfaceOrientationPortrait UIInterfaceOrientationPortraitUpsideDown UIInterfaceOrientationLandscapeLeft UIInterfaceOrientationLandscapeRight";
				INFOPLIST_KEY_UISupportedInterfaceOrientations_iPhone = "UIInterfaceOrientationPortrait UIInterfaceOrientationLandscapeLeft UIInterfaceOrientationLandscapeRight";
				IPHONEOS_DEPLOYMENT_TARGET = 16.0;
				LD_RUNPATH_SEARCH_PATHS = (
					"$(inherited)",
					"@executable_path/Frameworks",
				);
				MARKETING_VERSION = 1.0;
				PRODUCT_BUNDLE_IDENTIFIER = "vikas.Drink-Water";
				PRODUCT_NAME = "$(TARGET_NAME)";
				SWIFT_EMIT_LOC_STRINGS = YES;
				SWIFT_VERSION = 5.0;
				TARGETED_DEVICE_FAMILY = "1,2";
			};
			name = Debug;
		};
		1D56E73D2B83799200311C6F /* Release */ = {
			isa = XCBuildConfiguration;
			buildSettings = {
				ASSETCATALOG_COMPILER_APPICON_NAME = AppIcon;
				ASSETCATALOG_COMPILER_GLOBAL_ACCENT_COLOR_NAME = AccentColor;
				CODE_SIGN_ENTITLEMENTS = "Drink&Water/Drink&Water.entitlements";
				CODE_SIGN_STYLE = Automatic;
				CURRENT_PROJECT_VERSION = 1;
				DEVELOPMENT_ASSET_PATHS = "\"Drink&Water/Preview Content\"";
				DEVELOPMENT_TEAM = 727T6M4PM2;
				ENABLE_PREVIEWS = YES;
				GENERATE_INFOPLIST_FILE = YES;
				INFOPLIST_FILE = "Drink-Water-Info.plist";
				INFOPLIST_KEY_NSHealthClinicalHealthRecordsShareUsageDescription = "Please give us access to add drinks in Apple Health app";
				INFOPLIST_KEY_NSLocationWhenInUseUsageDescription = "To show the office location";
				INFOPLIST_KEY_UIApplicationSceneManifest_Generation = YES;
				INFOPLIST_KEY_UIApplicationSupportsIndirectInputEvents = YES;
				INFOPLIST_KEY_UISupportedInterfaceOrientations_iPad = "UIInterfaceOrientationPortrait UIInterfaceOrientationPortraitUpsideDown UIInterfaceOrientationLandscapeLeft UIInterfaceOrientationLandscapeRight";
				INFOPLIST_KEY_UISupportedInterfaceOrientations_iPhone = "UIInterfaceOrientationPortrait UIInterfaceOrientationLandscapeLeft UIInterfaceOrientationLandscapeRight";
				IPHONEOS_DEPLOYMENT_TARGET = 16.0;
				LD_RUNPATH_SEARCH_PATHS = (
					"$(inherited)",
					"@executable_path/Frameworks",
				);
				MARKETING_VERSION = 1.0;
				PRODUCT_BUNDLE_IDENTIFIER = "vikas.Drink-Water";
				PRODUCT_NAME = "$(TARGET_NAME)";
				SWIFT_EMIT_LOC_STRINGS = YES;
				SWIFT_VERSION = 5.0;
				TARGETED_DEVICE_FAMILY = "1,2";
			};
			name = Release;
		};
/* End XCBuildConfiguration section */

/* Begin XCConfigurationList section */
		1D56E7282B83799000311C6F /* Build configuration list for PBXProject "Drink&Water" */ = {
			isa = XCConfigurationList;
			buildConfigurations = (
				1D56E7392B83799200311C6F /* Debug */,
				1D56E73A2B83799200311C6F /* Release */,
			);
			defaultConfigurationIsVisible = 0;
			defaultConfigurationName = Release;
		};
		1D56E73B2B83799200311C6F /* Build configuration list for PBXNativeTarget "Drink&Water" */ = {
			isa = XCConfigurationList;
			buildConfigurations = (
				1D56E73C2B83799200311C6F /* Debug */,
				1D56E73D2B83799200311C6F /* Release */,
			);
			defaultConfigurationIsVisible = 0;
			defaultConfigurationName = Release;
		};
/* End XCConfigurationList section */

/* Begin XCVersionGroup section */
		1DA40DEB2BA0CE2800921ADF /* Drink&Water.xcdatamodeld */ = {
			isa = XCVersionGroup;
			children = (
				1DA40DEC2BA0CE2800921ADF /* Drink&Water.xcdatamodel */,
			);
			currentVersion = 1DA40DEC2BA0CE2800921ADF /* Drink&Water.xcdatamodel */;
			path = "Drink&Water.xcdatamodeld";
			sourceTree = "<group>";
			versionGroupType = wrapper.xcdatamodel;
		};
/* End XCVersionGroup section */
	};
	rootObject = 1D56E7252B83799000311C6F /* Project object */;
}
